
Microsoft Visual Studio Solution File, Format Version 12.00
# Visual Studio Version 17
VisualStudioVersion = 17.14.36327.8 d17.14
MinimumVisualStudioVersion = 10.0.40219.1
Project("{FAE04EC0-301F-11D3-BF4B-00C04F79EFBC}") = "WebApplication1", "WebApplication1\WebApplication1.csproj", "{B41F9A3F-D2EF-4F74-A419-D5AA78596BE2}"
EndProject
Global
	GlobalSection(SolutionConfigurationPlatforms) = preSolution
		Debug|Any CPU = Debug|Any CPU
		Release|Any CPU = Release|Any CPU
	EndGlobalSection
	GlobalSection(ProjectConfigurationPlatforms) = postSolution
		{B41F9A3F-D2EF-4F74-A419-D5AA78596BE2}.Debug|Any CPU.ActiveCfg = Debug|Any CPU
		{B41F9A3F-D2EF-4F74-A419-D5AA78596BE2}.Debug|Any CPU.Build.0 = Debug|Any CPU
		{B41F9A3F-D2EF-4F74-A419-D5AA78596BE2}.Release|Any CPU.ActiveCfg = Release|Any CPU
		{B41F9A3F-D2EF-4F74-A419-D5AA78596BE2}.Release|Any CPU.Build.0 = Release|Any CPU
	EndGlobalSection
	GlobalSection(SolutionProperties) = preSolution
		HideSolutionNode = FALSE
	EndGlobalSection
	GlobalSection(ExtensibilityGlobals) = postSolution
		SolutionGuid = {405A0389-B1BC-4F00-94BD-6429E6BA3353}
	EndGlobalSection
EndGlobal
